
Microsoft Visual Studio Solution File, Format Version 12.00
# Visual Studio Version 17
VisualStudioVersion = 17.8.34408.163
MinimumVisualStudioVersion = 10.0.40219.1
Project("{FAE04EC0-301F-11D3-BF4B-00C04F79EFBC}") = "grid", "grid.csproj", "{27B59463-EF49-40CB-A1CD-DDFD87573BDD}"
EndProject
Global
	GlobalSection(SolutionConfigurationPlatforms) = preSolution
		Debug|Any CPU = Debug|Any CPU
		Release|Any CPU = Release|Any CPU
	EndGlobalSection
	GlobalSection(ProjectConfigurationPlatforms) = postSolution
		{27B59463-EF49-40CB-A1CD-DDFD87573BDD}.Debug|Any CPU.ActiveCfg = Debug|Any CPU
		{27B59463-EF49-40CB-A1CD-DDFD87573BDD}.Debug|Any CPU.Build.0 = Debug|Any CPU
		{27B59463-EF49-40CB-A1CD-DDFD87573BDD}.Release|Any CPU.ActiveCfg = Release|Any CPU
		{27B59463-EF49-40CB-A1CD-DDFD87573BDD}.Release|Any CPU.Build.0 = Release|Any CPU
	EndGlobalSection
	GlobalSection(SolutionProperties) = preSolution
		HideSolutionNode = FALSE
	EndGlobalSection
	GlobalSection(ExtensibilityGlobals) = postSolution
		SolutionGuid = {57480DC6-18CF-4287-A0BD-9A3274DAE008}
	EndGlobalSection
EndGlobal
